
Microsoft Visual Studio Solution File, Format Version 12.00
# Visual Studio Version 17
VisualStudioVersion = 17.11.35222.181
MinimumVisualStudioVersion = 10.0.40219.1
Project("{9A19103F-16F7-4668-BE54-9A1E7A4F7556}") = "BlazorClient", "BlazorClient\BlazorClient.csproj", "{D3BFA719-86CA-47B3-8775-8ED104CE0744}"
EndProject
Global
	GlobalSection(SolutionConfigurationPlatforms) = preSolution
		Debug|Any CPU = Debug|Any CPU
		Release|Any CPU = Release|Any CPU
	EndGlobalSection
	GlobalSection(ProjectConfigurationPlatforms) = postSolution
		{D3BFA719-86CA-47B3-8775-8ED104CE0744}.Debug|Any CPU.ActiveCfg = Debug|Any CPU
		{D3BFA719-86CA-47B3-8775-8ED104CE0744}.Debug|Any CPU.Build.0 = Debug|Any CPU
		{D3BFA719-86CA-47B3-8775-8ED104CE0744}.Release|Any CPU.ActiveCfg = Release|Any CPU
		{D3BFA719-86CA-47B3-8775-8ED104CE0744}.Release|Any CPU.Build.0 = Release|Any CPU
	EndGlobalSection
	GlobalSection(SolutionProperties) = preSolution
		HideSolutionNode = FALSE
	EndGlobalSection
	GlobalSection(ExtensibilityGlobals) = postSolution
		SolutionGuid = {8672F49B-DAD6-400E-9B37-2F111220FAC3}
	EndGlobalSection
EndGlobal
